# This file is automatically @generated by Cargo.
# It is not intended for manual editing.
version = 4

[[package]]
name = "eva"
version = "0.1.0"
dependencies = [
 "eva-cli",
]

[[package]]
name = "eva-adapter"
version = "0.1.0"
dependencies = [
 "eva-capability",
 "eva-config",
 "eva-core",
 "eva-observability",
 "eva-policy",
]

[[package]]
name = "eva-agent"
version = "0.1.0"
dependencies = [
 "eva-config",
 "eva-core",
 "eva-observability",
 "eva-policy",
 "eva-scheduler",
 "eva-storage",
]

[[package]]
name = "eva-backup"
version = "0.1.0"
dependencies = [
 "eva-core",
 "eva-observability",
 "eva-policy",
 "eva-storage",
]

[[package]]
name = "eva-capability"
version = "0.1.0"
dependencies = [
 "eva-config",
 "eva-core",
 "eva-observability",
 "eva-policy",
]

[[package]]
name = "eva-cli"
version = "0.1.0"
dependencies = [
 "eva-runtime",
]

[[package]]
name = "eva-config"
version = "0.1.0"
dependencies = [
 "eva-core",
]

[[package]]
name = "eva-core"
version = "0.1.0"

[[package]]
name = "eva-discovery"
version = "0.1.0"
dependencies = [
 "eva-config",
 "eva-core",
 "eva-observability",
 "eva-policy",
]

[[package]]
name = "eva-eventbus"
version = "0.1.0"
dependencies = [
 "eva-core",
 "eva-observability",
 "eva-storage",
]

[[package]]
name = "eva-hardware"
version = "0.1.0"
dependencies = [
 "eva-core",
 "eva-observability",
 "eva-policy",
]

[[package]]
name = "eva-lifecycle"
version = "0.1.0"
dependencies = [
 "eva-core",
 "eva-observability",
 "eva-policy",
]

[[package]]
name = "eva-lua-host"
version = "0.1.0"
dependencies = [
 "eva-config",
 "eva-core",
 "eva-observability",
 "eva-policy",
]

[[package]]
name = "eva-mcp"
version = "0.1.0"
dependencies = [
 "eva-core",
 "eva-observability",
 "eva-policy",
]

[[package]]
name = "eva-memory"
version = "0.1.0"
dependencies = [
 "eva-core",
 "eva-observability",
 "eva-policy",
 "eva-storage",
]

[[package]]
name = "eva-observability"
version = "0.1.0"
dependencies = [
 "eva-core",
]

[[package]]
name = "eva-policy"
version = "0.1.0"
dependencies = [
 "eva-config",
 "eva-core",
]

[[package]]
name = "eva-runtime"
version = "0.1.0"
dependencies = [
 "eva-adapter",
 "eva-agent",
 "eva-backup",
 "eva-capability",
 "eva-config",
 "eva-core",
 "eva-discovery",
 "eva-eventbus",
 "eva-hardware",
 "eva-lifecycle",
 "eva-lua-host",
 "eva-mcp",
 "eva-memory",
 "eva-observability",
 "eva-policy",
 "eva-scheduler",
 "eva-storage",
]

[[package]]
name = "eva-scheduler"
version = "0.1.0"
dependencies = [
 "eva-core",
 "eva-observability",
 "eva-policy",
]

[[package]]
name = "eva-storage"
version = "0.1.0"
dependencies = [
 "eva-core",
 "eva-observability",
]
